PODS:
  - Alamofire (5.4.4)
  - IQKeyboardManager (6.5.6)
  - SVProgressHUD (2.2.5)

DEPENDENCIES:
  - Alamofire
  - IQKeyboardManager
  - SVProgressHUD

SPEC REPOS:
  trunk:
    - Alamofire
    - IQKeyboardManager
    - SVProgressHUD

SPEC CHECKSUMS:
  Alamofire: f3b09a368f1582ab751b3fff5460276e0d2cf5c9
  IQKeyboardManager: 2a6e97afdafc7becf0cb17a9a8d795e3a980717f
  SVProgressHUD: 1428aafac632c1f86f62aa4243ec12008d7a51d6

PODFILE CHECKSUM: 7c4ec933e99f17a84551cc4924ecb0aead979442

COCOAPODS: 1.11.2
